
Microsoft Visual Studio Solution File, Format Version 12.00
# Visual Studio Version 17
VisualStudioVersion = 17.0.31903.59
MinimumVisualStudioVersion = 10.0.40219.1
Project("{2150E333-8FDC-42A3-9474-1A3956D46DE8}") = "Server", "Server", "{DAD03CFC-D5FA-AC94-41C7-9ABAB326F09E}"
EndProject
Project("{FAE04EC0-301F-11D3-BF4B-00C04F79EFBC}") = "MarketData.Server", "Server\MarketData.Server.csproj", "{50F7C3A9-8E72-4561-9819-55DC156BF0FC}"
EndProject
Project("{2150E333-8FDC-42A3-9474-1A3956D46DE8}") = "Client", "Client", "{2CB42F12-E813-91B3-7D11-3220E40BEF4A}"
EndProject
Project("{FAE04EC0-301F-11D3-BF4B-00C04F79EFBC}") = "MarketData.Client", "Client\MarketData.Client.csproj", "{42BFB3FE-1C4E-4047-A29F-97E757D644D0}"
EndProject
Global
	GlobalSection(SolutionConfigurationPlatforms) = preSolution
		Debug|Any CPU = Debug|Any CPU
		Debug|x64 = Debug|x64
		Debug|x86 = Debug|x86
		Release|Any CPU = Release|Any CPU
		Release|x64 = Release|x64
		Release|x86 = Release|x86
	EndGlobalSection
	GlobalSection(ProjectConfigurationPlatforms) = postSolution
		{50F7C3A9-8E72-4561-9819-55DC156BF0FC}.Debug|Any CPU.ActiveCfg = Debug|Any CPU
		{50F7C3A9-8E72-4561-9819-55DC156BF0FC}.Debug|Any CPU.Build.0 = Debug|Any CPU
		{50F7C3A9-8E72-4561-9819-55DC156BF0FC}.Debug|x64.ActiveCfg = Debug|Any CPU
		{50F7C3A9-8E72-4561-9819-55DC156BF0FC}.Debug|x64.Build.0 = Debug|Any CPU
		{50F7C3A9-8E72-4561-9819-55DC156BF0FC}.Debug|x86.ActiveCfg = Debug|Any CPU
		{50F7C3A9-8E72-4561-9819-55DC156BF0FC}.Debug|x86.Build.0 = Debug|Any CPU
		{50F7C3A9-8E72-4561-9819-55DC156BF0FC}.Release|Any CPU.ActiveCfg = Release|Any CPU
		{50F7C3A9-8E72-4561-9819-55DC156BF0FC}.Release|Any CPU.Build.0 = Release|Any CPU
		{50F7C3A9-8E72-4561-9819-55DC156BF0FC}.Release|x64.ActiveCfg = Release|Any CPU
		{50F7C3A9-8E72-4561-9819-55DC156BF0FC}.Release|x64.Build.0 = Release|Any CPU
		{50F7C3A9-8E72-4561-9819-55DC156BF0FC}.Release|x86.ActiveCfg = Release|Any CPU
		{50F7C3A9-8E72-4561-9819-55DC156BF0FC}.Release|x86.Build.0 = Release|Any CPU
		{42BFB3FE-1C4E-4047-A29F-97E757D644D0}.Debug|Any CPU.ActiveCfg = Debug|Any CPU
		{42BFB3FE-1C4E-4047-A29F-97E757D644D0}.Debug|Any CPU.Build.0 = Debug|Any CPU
		{42BFB3FE-1C4E-4047-A29F-97E757D644D0}.Debug|x64.ActiveCfg = Debug|Any CPU
		{42BFB3FE-1C4E-4047-A29F-97E757D644D0}.Debug|x64.Build.0 = Debug|Any CPU
		{42BFB3FE-1C4E-4047-A29F-97E757D644D0}.Debug|x86.ActiveCfg = Debug|Any CPU
		{42BFB3FE-1C4E-4047-A29F-97E757D644D0}.Debug|x86.Build.0 = Debug|Any CPU
		{42BFB3FE-1C4E-4047-A29F-97E757D644D0}.Release|Any CPU.ActiveCfg = Release|Any CPU
		{42BFB3FE-1C4E-4047-A29F-97E757D644D0}.Release|Any CPU.Build.0 = Release|Any CPU
		{42BFB3FE-1C4E-4047-A29F-97E757D644D0}.Release|x64.ActiveCfg = Release|Any CPU
		{42BFB3FE-1C4E-4047-A29F-97E757D644D0}.Release|x64.Build.0 = Release|Any CPU
		{42BFB3FE-1C4E-4047-A29F-97E757D644D0}.Release|x86.ActiveCfg = Release|Any CPU
		{42BFB3FE-1C4E-4047-A29F-97E757D644D0}.Release|x86.Build.0 = Release|Any CPU
	EndGlobalSection
	GlobalSection(SolutionProperties) = preSolution
		HideSolutionNode = FALSE
	EndGlobalSection
	GlobalSection(NestedProjects) = preSolution
		{50F7C3A9-8E72-4561-9819-55DC156BF0FC} = {DAD03CFC-D5FA-AC94-41C7-9ABAB326F09E}
		{42BFB3FE-1C4E-4047-A29F-97E757D644D0} = {2CB42F12-E813-91B3-7D11-3220E40BEF4A}
	EndGlobalSection
EndGlobal
